
Microsoft Visual Studio Solution File, Format Version 12.00
# Visual Studio Version 17
VisualStudioVersion = 17.9.34622.214
MinimumVisualStudioVersion = 10.0.40219.1
Project("{FAE04EC0-301F-11D3-BF4B-00C04F79EFBC}") = "FixacaoAbstract", "FixacaoAbstract\FixacaoAbstract.csproj", "{2D46953E-3E7F-4406-8F1D-087C1D2E6726}"
EndProject
Global
	GlobalSection(SolutionConfigurationPlatforms) = preSolution
		Debug|Any CPU = Debug|Any CPU
		Release|Any CPU = Release|Any CPU
	EndGlobalSection
	GlobalSection(ProjectConfigurationPlatforms) = postSolution
		{2D46953E-3E7F-4406-8F1D-087C1D2E6726}.Debug|Any CPU.ActiveCfg = Debug|Any CPU
		{2D46953E-3E7F-4406-8F1D-087C1D2E6726}.Debug|Any CPU.Build.0 = Debug|Any CPU
		{2D46953E-3E7F-4406-8F1D-087C1D2E6726}.Release|Any CPU.ActiveCfg = Release|Any CPU
		{2D46953E-3E7F-4406-8F1D-087C1D2E6726}.Release|Any CPU.Build.0 = Release|Any CPU
	EndGlobalSection
	GlobalSection(SolutionProperties) = preSolution
		HideSolutionNode = FALSE
	EndGlobalSection
	GlobalSection(ExtensibilityGlobals) = postSolution
		SolutionGuid = {5ADE7CBA-1D36-46C4-A650-998ED5E89732}
	EndGlobalSection
EndGlobal
